// !$*UTF8*$!
{
	archiveVersion = 1;
	classes = {
	};
	objectVersion = 56;
	objects = {

/* Begin PBXBuildFile section */
		FFB378D92B240920002F6DA5 /* AppDelegate.swift in Sources */ = {isa = PBXBuildFile; fileRef = FFB378D82B240920002F6DA5 /* AppDelegate.swift */; };
		FFB378DB2B240920002F6DA5 /* SceneDelegate.swift in Sources */ = {isa = PBXBuildFile; fileRef = FFB378DA2B240920002F6DA5 /* SceneDelegate.swift */; };
		FFB378DD2B240920002F6DA5 /* ViewController.swift in Sources */ = {isa = PBXBuildFile; fileRef = FFB378DC2B240920002F6DA5 /* ViewController.swift */; };
		FFB378E02B240920002F6DA5 /* Main.storyboard in Resources */ = {isa = PBXBuildFile; fileRef = FFB378DE2B240920002F6DA5 /* Main.storyboard */; };
		FFB378E32B240920002F6DA5 /* PhoneBook.xcdatamodeld in Sources */ = {isa = PBXBuildFile; fileRef = FFB378E12B240920002F6DA5 /* PhoneBook.xcdatamodeld */; };
		FFB378E52B240931002F6DA5 /* Assets.xcassets in Resources */ = {isa = PBXBuildFile; fileRef = FFB378E42B240931002F6DA5 /* Assets.xcassets */; };
		FFB378E82B240931002F6DA5 /* LaunchScreen.storyboard in Resources */ = {isa = PBXBuildFile; fileRef = FFB378E62B240931002F6DA5 /* LaunchScreen.storyboard */; };
		FFB378F32B240933002F6DA5 /* PhoneBookTests.swift in Sources */ = {isa = PBXBuildFile; fileRef = FFB378F22B240933002F6DA5 /* PhoneBookTests.swift */; };
		FFB378FD2B240934002F6DA5 /* PhoneBookUITests.swift in Sources */ = {isa = PBXBuildFile; fileRef = FFB378FC2B240934002F6DA5 /* PhoneBookUITests.swift */; };
		FFB378FF2B240934002F6DA5 /* PhoneBookUITestsLaunchTests.swift in Sources */ = {isa = PBXBuildFile; fileRef = FFB378FE2B240934002F6DA5 /* PhoneBookUITestsLaunchTests.swift */; };
/* End PBXBuildFile section */

/* Begin PBXContainerItemProxy section */
		FFB378EF2B240933002F6DA5 /* PBXContainerItemProxy */ = {
			isa = PBXContainerItemProxy;
			containerPortal = FFB378CD2B240920002F6DA5 /* Project object */;
			proxyType = 1;
			remoteGlobalIDString = FFB378D42B240920002F6DA5;
			remoteInfo = PhoneBook;
		};
		FFB378F92B240934002F6DA5 /* PBXContainerItemProxy */ = {
			isa = PBXContainerItemProxy;
			containerPortal = FFB378CD2B240920002F6DA5 /* Project object */;
			proxyType = 1;
			remoteGlobalIDString = FFB378D42B240920002F6DA5;
			remoteInfo = PhoneBook;
		};
/* End PBXContainerItemProxy section */

/* Begin PBXFileReference section */
		FFB378D52B240920002F6DA5 /* PhoneBook.app */ = {isa = PBXFileReference; explicitFileType = wrapper.application; includeInIndex = 0; path = PhoneBook.app; sourceTree = BUILT_PRODUCTS_DIR; };
		FFB378D82B240920002F6DA5 /* AppDelegate.swift */ = {isa = PBXFileReference; lastKnownFileType = sourcecode.swift; path = AppDelegate.swift; sourceTree = "<group>"; };
		FFB378DA2B240920002F6DA5 /* SceneDelegate.swift */ = {isa = PBXFileReference; lastKnownFileType = sourcecode.swift; path = SceneDelegate.swift; sourceTree = "<group>"; };
		FFB378DC2B240920002F6DA5 /* ViewController.swift */ = {isa = PBXFileReference; lastKnownFileType = sourcecode.swift; path = ViewController.swift; sourceTree = "<group>"; };
		FFB378DF2B240920002F6DA5 /* Base */ = {isa = PBXFileReference; lastKnownFileType = file.storyboard; name = Base; path = Base.lproj/Main.storyboard; sourceTree = "<group>"; };
		FFB378E22B240920002F6DA5 /* PhoneBook.xcdatamodel */ = {isa = PBXFileReference; lastKnownFileType = wrapper.xcdatamodel; path = PhoneBook.xcdatamodel; sourceTree = "<group>"; };
		FFB378E42B240931002F6DA5 /* Assets.xcassets */ = {isa = PBXFileReference; lastKnownFileType = folder.assetcatalog; path = Assets.xcassets; sourceTree = "<group>"; };
		FFB378E72B240931002F6DA5 /* Base */ = {isa = PBXFileReference; lastKnownFileType = file.storyboard; name = Base; path = Base.lproj/LaunchScreen.storyboard; sourceTree = "<group>"; };
		FFB378E92B240931002F6DA5 /* Info.plist */ = {isa = PBXFileReference; lastKnownFileType = text.plist.xml; path = Info.plist; sourceTree = "<group>"; };
		FFB378EE2B240933002F6DA5 /* PhoneBookTests.xctest */ = {isa = PBXFileReference; explicitFileType = wrapper.cfbundle; includeInIndex = 0; path = PhoneBookTests.xctest; sourceTree = BUILT_PRODUCTS_DIR; };
		FFB378F22B240933002F6DA5 /* PhoneBookTests.swift */ = {isa = PBXFileReference; lastKnownFileType = sourcecode.swift; path = PhoneBookTests.swift; sourceTree = "<group>"; };
		FFB378F82B240934002F6DA5 /* PhoneBookUITests.xctest */ = {isa = PBXFileReference; explicitFileType = wrapper.cfbundle; includeInIndex = 0; path = PhoneBookUITests.xctest; sourceTree = BUILT_PRODUCTS_DIR; };
		FFB378FC2B240934002F6DA5 /* PhoneBookUITests.swift */ = {isa = PBXFileReference; lastKnownFileType = sourcecode.swift; path = PhoneBookUITests.swift; sourceTree = "<group>"; };
		FFB378FE2B240934002F6DA5 /* PhoneBookUITestsLaunchTests.swift */ = {isa = PBXFileReference; lastKnownFileType = sourcecode.swift; path = PhoneBookUITestsLaunchTests.swift; sourceTree = "<group>"; };
/* End PBXFileReference section */

/* Begin PBXFrameworksBuildPhase section */
		FFB378D22B240920002F6DA5 /* Frameworks */ = {
			isa = PBXFrameworksBuildPhase;
			buildActionMask = 2147483647;
			files = (
			);
			runOnlyForDeploymentPostprocessing = 0;
		};
		FFB378EB2B240933002F6DA5 /* Frameworks */ = {
			isa = PBXFrameworksBuildPhase;
			buildActionMask = 2147483647;
			files = (
			);
			runOnlyForDeploymentPostprocessing = 0;
		};
		FFB378F52B240934002F6DA5 /* Frameworks */ = {
			isa = PBXFrameworksBuildPhase;
			buildActionMask = 2147483647;
			files = (
			);
			runOnlyForDeploymentPostprocessing = 0;
		};
/* End PBXFrameworksBuildPhase section */

/* Begin PBXGroup section */
		FFB378CC2B240920002F6DA5 = {
			isa = PBXGroup;
			children = (
				FFB378D72B240920002F6DA5 /* PhoneBook */,
				FFB378F12B240933002F6DA5 /* PhoneBookTests */,
				FFB378FB2B240934002F6DA5 /* PhoneBookUITests */,
				FFB378D62B240920002F6DA5 /* Products */,
			);
			sourceTree = "<group>";
		};
		FFB378D62B240920002F6DA5 /* Products */ = {
			isa = PBXGroup;
			children = (
				FFB378D52B240920002F6DA5 /* PhoneBook.app */,
				FFB378EE2B240933002F6DA5 /* PhoneBookTests.xctest */,
				FFB378F82B240934002F6DA5 /* PhoneBookUITests.xctest */,
			);
			name = Products;
			sourceTree = "<group>";
		};
		FFB378D72B240920002F6DA5 /* PhoneBook */ = {
			isa = PBXGroup;
			children = (
				FFB378D82B240920002F6DA5 /* AppDelegate.swift */,
				FFB378DA2B240920002F6DA5 /* SceneDelegate.swift */,
				FFB378DC2B240920002F6DA5 /* ViewController.swift */,
				FFB378DE2B240920002F6DA5 /* Main.storyboard */,
				FFB378E42B240931002F6DA5 /* Assets.xcassets */,
				FFB378E62B240931002F6DA5 /* LaunchScreen.storyboard */,
				FFB378E92B240931002F6DA5 /* Info.plist */,
				FFB378E12B240920002F6DA5 /* PhoneBook.xcdatamodeld */,
			);
			path = PhoneBook;
			sourceTree = "<group>";
		};
		FFB378F12B240933002F6DA5 /* PhoneBookTests */ = {
			isa = PBXGroup;
			children = (
				FFB378F22B240933002F6DA5 /* PhoneBookTests.swift */,
			);
			path = PhoneBookTests;
			sourceTree = "<group>";
		};
		FFB378FB2B240934002F6DA5 /* PhoneBookUITests */ = {
			isa = PBXGroup;
			children = (
				FFB378FC2B240934002F6DA5 /* PhoneBookUITests.swift */,
				FFB378FE2B240934002F6DA5 /* PhoneBookUITestsLaunchTests.swift */,
			);
			path = PhoneBookUITests;
			sourceTree = "<group>";
		};
/* End PBXGroup section */

/* Begin PBXNativeTarget section */
		FFB378D42B240920002F6DA5 /* PhoneBook */ = {
			isa = PBXNativeTarget;
			buildConfigurationList = FFB379022B240934002F6DA5 /* Build configuration list for PBXNativeTarget "PhoneBook" */;
			buildPhases = (
				FFB378D12B240920002F6DA5 /* Sources */,
				FFB378D22B240920002F6DA5 /* Frameworks */,
				FFB378D32B240920002F6DA5 /* Resources */,
			);
			buildRules = (
			);
			dependencies = (
			);
			name = PhoneBook;
			productName = PhoneBook;
			productReference = FFB378D52B240920002F6DA5 /* PhoneBook.app */;
			productType = "com.apple.product-type.application";
		};
		FFB378ED2B240933002F6DA5 /* PhoneBookTests */ = {
			isa = PBXNativeTarget;
			buildConfigurationList = FFB379052B240934002F6DA5 /* Build configuration list for PBXNativeTarget "PhoneBookTests" */;
			buildPhases = (
				FFB378EA2B240933002F6DA5 /* Sources */,
				FFB378EB2B240933002F6DA5 /* Frameworks */,
				FFB378EC2B240933002F6DA5 /* Resources */,
			);
			buildRules = (
			);
			dependencies = (
				FFB378F02B240933002F6DA5 /* PBXTargetDependency */,
			);
			name = PhoneBookTests;
			productName = PhoneBookTests;
			productReference = FFB378EE2B240933002F6DA5 /* PhoneBookTests.xctest */;
			productType = "com.apple.product-type.bundle.unit-test";
		};
		FFB378F72B240934002F6DA5 /* PhoneBookUITests */ = {
			isa = PBXNativeTarget;
			buildConfigurationList = FFB379082B240934002F6DA5 /* Build configuration list for PBXNativeTarget "PhoneBookUITests" */;
			buildPhases = (
				FFB378F42B240934002F6DA5 /* Sources */,
				FFB378F52B240934002F6DA5 /* Frameworks */,
				FFB378F62B240934002F6DA5 /* Resources */,
			);
			buildRules = (
			);
			dependencies = (
				FFB378FA2B240934002F6DA5 /* PBXTargetDependency */,
			);
			name = PhoneBookUITests;
			productName = PhoneBookUITests;
			productReference = FFB378F82B240934002F6DA5 /* PhoneBookUITests.xctest */;
			productType = "com.apple.product-type.bundle.ui-testing";
		};
/* End PBXNativeTarget section */

/* Begin PBXProject section */
		FFB378CD2B240920002F6DA5 /* Project object */ = {
			isa = PBXProject;
			attributes = {
				BuildIndependentTargetsInParallel = 1;
				LastSwiftUpdateCheck = 1500;
				LastUpgradeCheck = 1500;
				TargetAttributes = {
					FFB378D42B240920002F6DA5 = {
						CreatedOnToolsVersion = 15.0;
					};
					FFB378ED2B240933002F6DA5 = {
						CreatedOnToolsVersion = 15.0;
						TestTargetID = FFB378D42B240920002F6DA5;
					};
					FFB378F72B240934002F6DA5 = {
						CreatedOnToolsVersion = 15.0;
						TestTargetID = FFB378D42B240920002F6DA5;
					};
				};
			};
			buildConfigurationList = FFB378D02B240920002F6DA5 /* Build configuration list for PBXProject "PhoneBook" */;
			compatibilityVersion = "Xcode 14.0";
			developmentRegion = en;
			hasScannedForEncodings = 0;
			knownRegions = (
				en,
				Base,
			);
			mainGroup = FFB378CC2B240920002F6DA5;
			productRefGroup = FFB378D62B240920002F6DA5 /* Products */;
			projectDirPath = "";
			projectRoot = "";
			targets = (
				FFB378D42B240920002F6DA5 /* PhoneBook */,
				FFB378ED2B240933002F6DA5 /* PhoneBookTests */,
				FFB378F72B240934002F6DA5 /* PhoneBookUITests */,
			);
		};
/* End PBXProject section */

/* Begin PBXResourcesBuildPhase section */
		FFB378D32B240920002F6DA5 /* Resources */ = {
			isa = PBXResourcesBuildPhase;
			buildActionMask = 2147483647;
			files = (
				FFB378E82B240931002F6DA5 /* LaunchScreen.storyboard in Resources */,
				FFB378E52B240931002F6DA5 /* Assets.xcassets in Resources */,
				FFB378E02B240920002F6DA5 /* Main.storyboard in Resources */,
			);
			runOnlyForDeploymentPostprocessing = 0;
		};
		FFB378EC2B240933002F6DA5 /* Resources */ = {
			isa = PBXResourcesBuildPhase;
			buildActionMask = 2147483647;
			files = (
			);
			runOnlyForDeploymentPostprocessing = 0;
		};
		FFB378F62B240934002F6DA5 /* Resources */ = {
			isa = PBXResourcesBuildPhase;
			buildActionMask = 2147483647;
			files = (
			);
			runOnlyForDeploymentPostprocessing = 0;
		};
/* End PBXResourcesBuildPhase section */

/* Begin PBXSourcesBuildPhase section */
		FFB378D12B240920002F6DA5 /* Sources */ = {
			isa = PBXSourcesBuildPhase;
			buildActionMask = 2147483647;
			files = (
				FFB378DD2B240920002F6DA5 /* ViewController.swift in Sources */,
				FFB378D92B240920002F6DA5 /* AppDelegate.swift in Sources */,
				FFB378DB2B240920002F6DA5 /* SceneDelegate.swift in Sources */,
				FFB378E32B240920002F6DA5 /* PhoneBook.xcdatamodeld in Sources */,
			);
			runOnlyForDeploymentPostprocessing = 0;
		};
		FFB378EA2B240933002F6DA5 /* Sources */ = {
			isa = PBXSourcesBuildPhase;
			buildActionMask = 2147483647;
			files = (
				FFB378F32B240933002F6DA5 /* PhoneBookTests.swift in Sources */,
			);
			runOnlyForDeploymentPostprocessing = 0;
		};
		FFB378F42B240934002F6DA5 /* Sources */ = {
			isa = PBXSourcesBuildPhase;
			buildActionMask = 2147483647;
			files = (
				FFB378FF2B240934002F6DA5 /* PhoneBookUITestsLaunchTests.swift in Sources */,
				FFB378FD2B240934002F6DA5 /* PhoneBookUITests.swift in Sources */,
			);
			runOnlyForDeploymentPostprocessing = 0;
		};
/* End PBXSourcesBuildPhase section */

/* Begin PBXTargetDependency section */
		FFB378F02B240933002F6DA5 /* PBXTargetDependency */ = {
			isa = PBXTargetDependency;
			target = FFB378D42B240920002F6DA5 /* PhoneBook */;
			targetProxy = FFB378EF2B240933002F6DA5 /* PBXContainerItemProxy */;
		};
		FFB378FA2B240934002F6DA5 /* PBXTargetDependency */ = {
			isa = PBXTargetDependency;
			target = FFB378D42B240920002F6DA5 /* PhoneBook */;
			targetProxy = FFB378F92B240934002F6DA5 /* PBXContainerItemProxy */;
		};
/* End PBXTargetDependency section */

/* Begin PBXVariantGroup section */
		FFB378DE2B240920002F6DA5 /* Main.storyboard */ = {
			isa = PBXVariantGroup;
			children = (
				FFB378DF2B240920002F6DA5 /* Base */,
			);
			name = Main.storyboard;
			sourceTree = "<group>";
		};
		FFB378E62B240931002F6DA5 /* LaunchScreen.storyboard */ = {
			isa = PBXVariantGroup;
			children = (
				FFB378E72B240931002F6DA5 /* Base */,
			);
			name = LaunchScreen.storyboard;
			sourceTree = "<group>";
		};
/* End PBXVariantGroup section */

/* Begin XCBuildConfiguration section */
		FFB379002B240934002F6DA5 /* Debug */ = {
			isa = XCBuildConfiguration;
			buildSettings = {
				ALWAYS_SEARCH_USER_PATHS = NO;
				ASSETCATALOG_COMPILER_GENERATE_SWIFT_ASSET_SYMBOL_EXTENSIONS = YES;
				CLANG_ANALYZER_NONNULL = YES;
				CLANG_ANALYZER_NUMBER_OBJECT_CONVERSION = YES_AGGRESSIVE;
				CLANG_CXX_LANGUAGE_STANDARD = "gnu++20";
				CLANG_ENABLE_MODULES = YES;
				CLANG_ENABLE_OBJC_ARC = YES;
				CLANG_ENABLE_OBJC_WEAK = YES;
				CLANG_WARN_BLOCK_CAPTURE_AUTORELEASING = YES;
				CLANG_WARN_BOOL_CONVERSION = YES;
				CLANG_WARN_COMMA = YES;
				CLANG_WARN_CONSTANT_CONVERSION = YES;
				CLANG_WARN_DEPRECATED_OBJC_IMPLEMENTATIONS = YES;
				CLANG_WARN_DIRECT_OBJC_ISA_USAGE = YES_ERROR;
				CLANG_WARN_DOCUMENTATION_COMMENTS = YES;
				CLANG_WARN_EMPTY_BODY = YES;
				CLANG_WARN_ENUM_CONVERSION = YES;
				CLANG_WARN_INFINITE_RECURSION = YES;
				CLANG_WARN_INT_CONVERSION = YES;
				CLANG_WARN_NON_LITERAL_NULL_CONVERSION = YES;
				CLANG_WARN_OBJC_IMPLICIT_RETAIN_SELF = YES;
				CLANG_WARN_OBJC_LITERAL_CONVERSION = YES;
				CLANG_WARN_OBJC_ROOT_CLASS = YES_ERROR;
				CLANG_WARN_QUOTED_INCLUDE_IN_FRAMEWORK_HEADER = YES;
				CLANG_WARN_RANGE_LOOP_ANALYSIS = YES;
				CLANG_WARN_STRICT_PROTOTYPES = YES;
				CLANG_WARN_SUSPICIOUS_MOVE = YES;
				CLANG_WARN_UNGUARDED_AVAILABILITY = YES_AGGRESSIVE;
				CLANG_WARN_UNREACHABLE_CODE = YES;
				CLANG_WARN__DUPLICATE_METHOD_MATCH = YES;
				COPY_PHASE_STRIP = NO;
				DEBUG_INFORMATION_FORMAT = dwarf;
				ENABLE_STRICT_OBJC_MSGSEND = YES;
				ENABLE_TESTABILITY = YES;
				ENABLE_USER_SCRIPT_SANDBOXING = YES;
				GCC_C_LANGUAGE_STANDARD = gnu17;
				GCC_DYNAMIC_NO_PIC = NO;
				GCC_NO_COMMON_BLOCKS = YES;
				GCC_OPTIMIZATION_LEVEL = 0;
				GCC_PREPROCESSOR_DEFINITIONS = (
					"DEBUG=1",
					"$(inherited)",
				);
				GCC_WARN_64_TO_32_BIT_CONVERSION = YES;
				GCC_WARN_ABOUT_RETURN_TYPE = YES_ERROR;
				GCC_WARN_UNDECLARED_SELECTOR = YES;
				GCC_WARN_UNINITIALIZED_AUTOS = YES_AGGRESSIVE;
				GCC_WARN_UNUSED_FUNCTION = YES;
				GCC_WARN_UNUSED_VARIABLE = YES;
				IPHONEOS_DEPLOYMENT_TARGET = 17.0;
				LOCALIZATION_PREFERS_STRING_CATALOGS = YES;
				MTL_ENABLE_DEBUG_INFO = INCLUDE_SOURCE;
				MTL_FAST_MATH = YES;
				ONLY_ACTIVE_ARCH = YES;
				SDKROOT = iphoneos;
				SWIFT_ACTIVE_COMPILATION_CONDITIONS = "DEBUG $(inherited)";
				SWIFT_OPTIMIZATION_LEVEL = "-Onone";
			};
			name = Debug;
		};
		FFB379012B240934002F6DA5 /* Release */ = {
			isa = XCBuildConfiguration;
			buildSettings = {
				ALWAYS_SEARCH_USER_PATHS = NO;
				ASSETCATALOG_COMPILER_GENERATE_SWIFT_ASSET_SYMBOL_EXTENSIONS = YES;
				CLANG_ANALYZER_NONNULL = YES;
				CLANG_ANALYZER_NUMBER_OBJECT_CONVERSION = YES_AGGRESSIVE;
				CLANG_CXX_LANGUAGE_STANDARD = "gnu++20";
				CLANG_ENABLE_MODULES = YES;
				CLANG_ENABLE_OBJC_ARC = YES;
				CLANG_ENABLE_OBJC_WEAK = YES;
				CLANG_WARN_BLOCK_CAPTURE_AUTORELEASING = YES;
				CLANG_WARN_BOOL_CONVERSION = YES;
				CLANG_WARN_COMMA = YES;
				CLANG_WARN_CONSTANT_CONVERSION = YES;
				CLANG_WARN_DEPRECATED_OBJC_IMPLEMENTATIONS = YES;
				CLANG_WARN_DIRECT_OBJC_ISA_USAGE = YES_ERROR;
				CLANG_WARN_DOCUMENTATION_COMMENTS = YES;
				CLANG_WARN_EMPTY_BODY = YES;
				CLANG_WARN_ENUM_CONVERSION = YES;
				CLANG_WARN_INFINITE_RECURSION = YES;
				CLANG_WARN_INT_CONVERSION = YES;
				CLANG_WARN_NON_LITERAL_NULL_CONVERSION = YES;
				CLANG_WARN_OBJC_IMPLICIT_RETAIN_SELF = YES;
				CLANG_WARN_OBJC_LITERAL_CONVERSION = YES;
				CLANG_WARN_OBJC_ROOT_CLASS = YES_ERROR;
				CLANG_WARN_QUOTED_INCLUDE_IN_FRAMEWORK_HEADER = YES;
				CLANG_WARN_RANGE_LOOP_ANALYSIS = YES;
				CLANG_WARN_STRICT_PROTOTYPES = YES;
				CLANG_WARN_SUSPICIOUS_MOVE = YES;
				CLANG_WARN_UNGUARDED_AVAILABILITY = YES_AGGRESSIVE;
				CLANG_WARN_UNREACHABLE_CODE = YES;
				CLANG_WARN__DUPLICATE_METHOD_MATCH = YES;
				COPY_PHASE_STRIP = NO;
				DEBUG_INFORMATION_FORMAT = "dwarf-with-dsym";
				ENABLE_NS_ASSERTIONS = NO;
				ENABLE_STRICT_OBJC_MSGSEND = YES;
				ENABLE_USER_SCRIPT_SANDBOXING = YES;
				GCC_C_LANGUAGE_STANDARD = gnu17;
				GCC_NO_COMMON_BLOCKS = YES;
				GCC_WARN_64_TO_32_BIT_CONVERSION = YES;
				GCC_WARN_ABOUT_RETURN_TYPE = YES_ERROR;
				GCC_WARN_UNDECLARED_SELECTOR = YES;
				GCC_WARN_UNINITIALIZED_AUTOS = YES_AGGRESSIVE;
				GCC_WARN_UNUSED_FUNCTION = YES;
				GCC_WARN_UNUSED_VARIABLE = YES;
				IPHONEOS_DEPLOYMENT_TARGET = 17.0;
				LOCALIZATION_PREFERS_STRING_CATALOGS = YES;
				MTL_ENABLE_DEBUG_INFO = NO;
				MTL_FAST_MATH = YES;
				SDKROOT = iphoneos;
				SWIFT_COMPILATION_MODE = wholemodule;
				VALIDATE_PRODUCT = YES;
			};
			name = Release;
		};
		FFB379032B240934002F6DA5 /* Debug */ = {
			isa = XCBuildConfiguration;
			buildSettings = {
				ASSETCATALOG_COMPILER_APPICON_NAME = AppIcon;
				ASSETCATALOG_COMPILER_GLOBAL_ACCENT_COLOR_NAME = AccentColor;
				CODE_SIGN_STYLE = Automatic;
				CURRENT_PROJECT_VERSION = 1;
				DEVELOPMENT_TEAM = A7B6LRM27P;
				GENERATE_INFOPLIST_FILE = YES;
				INFOPLIST_FILE = PhoneBook/Info.plist;
				INFOPLIST_KEY_UIApplicationSupportsIndirectInputEvents = YES;
				INFOPLIST_KEY_UILaunchStoryboardName = LaunchScreen;
				INFOPLIST_KEY_UIMainStoryboardFile = Main;
				INFOPLIST_KEY_UISupportedInterfaceOrientations_iPad = "UIInterfaceOrientationPortrait UIInterfaceOrientationPortraitUpsideDown UIInterfaceOrientationLandscapeLeft UIInterfaceOrientationLandscapeRight";
				INFOPLIST_KEY_UISupportedInterfaceOrientations_iPhone = "UIInterfaceOrientationPortrait UIInterfaceOrientationLandscapeLeft UIInterfaceOrientationLandscapeRight";
				LD_RUNPATH_SEARCH_PATHS = (
					"$(inherited)",
					"@executable_path/Frameworks",
				);
				MARKETING_VERSION = 1.0;
				PRODUCT_BUNDLE_IDENTIFIER = liustation.PhoneBook;
				PRODUCT_NAME = "$(TARGET_NAME)";
				SWIFT_EMIT_LOC_STRINGS = YES;
				SWIFT_VERSION = 5.0;
				TARGETED_DEVICE_FAMILY = "1,2";
			};
			name = Debug;
		};
		FFB379042B240934002F6DA5 /* Release */ = {
			isa = XCBuildConfiguration;
			buildSettings = {
				ASSETCATALOG_COMPILER_APPICON_NAME = AppIcon;
				ASSETCATALOG_COMPILER_GLOBAL_ACCENT_COLOR_NAME = AccentColor;
				CODE_SIGN_STYLE = Automatic;
				CURRENT_PROJECT_VERSION = 1;
				DEVELOPMENT_TEAM = A7B6LRM27P;
				GENERATE_INFOPLIST_FILE = YES;
				INFOPLIST_FILE = PhoneBook/Info.plist;
				INFOPLIST_KEY_UIApplicationSupportsIndirectInputEvents = YES;
				INFOPLIST_KEY_UILaunchStoryboardName = LaunchScreen;
				INFOPLIST_KEY_UIMainStoryboardFile = Main;
				INFOPLIST_KEY_UISupportedInterfaceOrientations_iPad = "UIInterfaceOrientationPortrait UIInterfaceOrientationPortraitUpsideDown UIInterfaceOrientationLandscapeLeft UIInterfaceOrientationLandscapeRight";
				INFOPLIST_KEY_UISupportedInterfaceOrientations_iPhone = "UIInterfaceOrientationPortrait UIInterfaceOrientationLandscapeLeft UIInterfaceOrientationLandscapeRight";
				LD_RUNPATH_SEARCH_PATHS = (
					"$(inherited)",
					"@executable_path/Frameworks",
				);
				MARKETING_VERSION = 1.0;
				PRODUCT_BUNDLE_IDENTIFIER = liustation.PhoneBook;
				PRODUCT_NAME = "$(TARGET_NAME)";
				SWIFT_EMIT_LOC_STRINGS = YES;
				SWIFT_VERSION = 5.0;
				TARGETED_DEVICE_FAMILY = "1,2";
			};
			name = Release;
		};
		FFB379062B240934002F6DA5 /* Debug */ = {
			isa = XCBuildConfiguration;
			buildSettings = {
				ALWAYS_EMBED_SWIFT_STANDARD_LIBRARIES = YES;
				BUNDLE_LOADER = "$(TEST_HOST)";
				CODE_SIGN_STYLE = Automatic;
				CURRENT_PROJECT_VERSION = 1;
				DEVELOPMENT_TEAM = A7B6LRM27P;
				GENERATE_INFOPLIST_FILE = YES;
				IPHONEOS_DEPLOYMENT_TARGET = 17.0;
				MARKETING_VERSION = 1.0;
				PRODUCT_BUNDLE_IDENTIFIER = liustation.PhoneBookTests;
				PRODUCT_NAME = "$(TARGET_NAME)";
				SWIFT_EMIT_LOC_STRINGS = NO;
				SWIFT_VERSION = 5.0;
				TARGETED_DEVICE_FAMILY = "1,2";
				TEST_HOST = "$(BUILT_PRODUCTS_DIR)/PhoneBook.app/$(BUNDLE_EXECUTABLE_FOLDER_PATH)/PhoneBook";
			};
			name = Debug;
		};
		FFB379072B240934002F6DA5 /* Release */ = {
			isa = XCBuildConfiguration;
			buildSettings = {
				ALWAYS_EMBED_SWIFT_STANDARD_LIBRARIES = YES;
				BUNDLE_LOADER = "$(TEST_HOST)";
				CODE_SIGN_STYLE = Automatic;
				CURRENT_PROJECT_VERSION = 1;
				DEVELOPMENT_TEAM = A7B6LRM27P;
				GENERATE_INFOPLIST_FILE = YES;
				IPHONEOS_DEPLOYMENT_TARGET = 17.0;
				MARKETING_VERSION = 1.0;
				PRODUCT_BUNDLE_IDENTIFIER = liustation.PhoneBookTests;
				PRODUCT_NAME = "$(TARGET_NAME)";
				SWIFT_EMIT_LOC_STRINGS = NO;
				SWIFT_VERSION = 5.0;
				TARGETED_DEVICE_FAMILY = "1,2";
				TEST_HOST = "$(BUILT_PRODUCTS_DIR)/PhoneBook.app/$(BUNDLE_EXECUTABLE_FOLDER_PATH)/PhoneBook";
			};
			name = Release;
		};
		FFB379092B240934002F6DA5 /* Debug */ = {
			isa = XCBuildConfiguration;
			buildSettings = {
				ALWAYS_EMBED_SWIFT_STANDARD_LIBRARIES = YES;
				CODE_SIGN_STYLE = Automatic;
				CURRENT_PROJECT_VERSION = 1;
				DEVELOPMENT_TEAM = A7B6LRM27P;
				GENERATE_INFOPLIST_FILE = YES;
				MARKETING_VERSION = 1.0;
				PRODUCT_BUNDLE_IDENTIFIER = liustation.PhoneBookUITests;
				PRODUCT_NAME = "$(TARGET_NAME)";
				SWIFT_EMIT_LOC_STRINGS = NO;
				SWIFT_VERSION = 5.0;
				TARGETED_DEVICE_FAMILY = "1,2";
				TEST_TARGET_NAME = PhoneBook;
			};
			name = Debug;
		};
		FFB3790A2B240934002F6DA5 /* Release */ = {
			isa = XCBuildConfiguration;
			buildSettings = {
				ALWAYS_EMBED_SWIFT_STANDARD_LIBRARIES = YES;
				CODE_SIGN_STYLE = Automatic;
				CURRENT_PROJECT_VERSION = 1;
				DEVELOPMENT_TEAM = A7B6LRM27P;
				GENERATE_INFOPLIST_FILE = YES;
				MARKETING_VERSION = 1.0;
				PRODUCT_BUNDLE_IDENTIFIER = liustation.PhoneBookUITests;
				PRODUCT_NAME = "$(TARGET_NAME)";
				SWIFT_EMIT_LOC_STRINGS = NO;
				SWIFT_VERSION = 5.0;
				TARGETED_DEVICE_FAMILY = "1,2";
				TEST_TARGET_NAME = PhoneBook;
			};
			name = Release;
		};
/* End XCBuildConfiguration section */

/* Begin XCConfigurationList section */
		FFB378D02B240920002F6DA5 /* Build configuration list for PBXProject "PhoneBook" */ = {
			isa = XCConfigurationList;
			buildConfigurations = (
				FFB379002B240934002F6DA5 /* Debug */,
				FFB379012B240934002F6DA5 /* Release */,
			);
			defaultConfigurationIsVisible = 0;
			defaultConfigurationName = Release;
		};
		FFB379022B240934002F6DA5 /* Build configuration list for PBXNativeTarget "PhoneBook" */ = {
			isa = XCConfigurationList;
			buildConfigurations = (
				FFB379032B240934002F6DA5 /* Debug */,
				FFB379042B240934002F6DA5 /* Release */,
			);
			defaultConfigurationIsVisible = 0;
			defaultConfigurationName = Release;
		};
		FFB379052B240934002F6DA5 /* Build configuration list for PBXNativeTarget "PhoneBookTests" */ = {
			isa = XCConfigurationList;
			buildConfigurations = (
				FFB379062B240934002F6DA5 /* Debug */,
				FFB379072B240934002F6DA5 /* Release */,
			);
			defaultConfigurationIsVisible = 0;
			defaultConfigurationName = Release;
		};
		FFB379082B240934002F6DA5 /* Build configuration list for PBXNativeTarget "PhoneBookUITests" */ = {
			isa = XCConfigurationList;
			buildConfigurations = (
				FFB379092B240934002F6DA5 /* Debug */,
				FFB3790A2B240934002F6DA5 /* Release */,
			);
			defaultConfigurationIsVisible = 0;
			defaultConfigurationName = Release;
		};
/* End XCConfigurationList section */

/* Begin XCVersionGroup section */
		FFB378E12B240920002F6DA5 /* PhoneBook.xcdatamodeld */ = {
			isa = XCVersionGroup;
			children = (
				FFB378E22B240920002F6DA5 /* PhoneBook.xcdatamodel */,
			);
			currentVersion = FFB378E22B240920002F6DA5 /* PhoneBook.xcdatamodel */;
			path = PhoneBook.xcdatamodeld;
			sourceTree = "<group>";
			versionGroupType = wrapper.xcdatamodel;
		};
/* End XCVersionGroup section */
	};
	rootObject = FFB378CD2B240920002F6DA5 /* Project object */;
}
